lockfileVersion: '9.0'

settings:
  autoInstallPeers: true
  excludeLinksFromLockfile: false

importers:

  .:
    dependencies:
      prom-client:
        specifier: ^15.1.3
        version: 15.1.3
    devDependencies:
      matreshka:
        specifier: 'link:'
        version: 'link:'

packages:

  '@opentelemetry/api@1.9.0':
    resolution: {integrity: sha512-3giAOQvZiH5F9bMlMiv8+GSPMeqg0dbaeo58/0SlA9sxSqZhnUtxzX9/2FzyhS9sWQf5S0GJE0AKBrFqjpeYcg==}
    engines: {node: '>=8.0.0'}

  bintrees@1.0.2:
    resolution: {integrity: sha512-VOMgTMwjAaUG580SXn3LacVgjurrbMme7ZZNYGSSV7mmtY6QQRh0Eg3pwIcntQ77DErK1L0NxkbetjcoXzVwKw==}

  prom-client@15.1.3:
    resolution: {integrity: sha512-6ZiOBfCywsD4k1BN9IX0uZhF+tJkV8q8llP64G5Hajs4JOeVLPCwpPVcpXy3BwYiUGgyJzsJJQeOIv7+hDSq8g==}
    engines: {node: ^16 || ^18 || >=20}

  tdigest@0.1.2:
    resolution: {integrity: sha512-+G0LLgjjo9BZX2MfdvPfH+MKLCrxlXSYec5DaPYP1fe6Iyhf0/fSmJ0bFiZ1F8BT6cGXl2LpltQptzjXKWEkKA==}

snapshots:

  '@opentelemetry/api@1.9.0': {}

  bintrees@1.0.2: {}

  prom-client@15.1.3:
    dependencies:
      '@opentelemetry/api': 1.9.0
      tdigest: 0.1.2

  tdigest@0.1.2:
    dependencies:
      bintrees: 1.0.2
